{
  "name": "aakash-wa-message-sender",
  "version": "1.0.4",
  "lockfileVersion": 3,
  "requires": true,
  "packages": {
    "": {
      "name": "aakash-wa-message-sender",
      "version": "1.0.4",
      "license": "ISC",
      "dependencies": {
        "aakash-wa-message-sender": "^1.0.4"
      }
    },
    "node_modules/aakash-wa-message-sender": {
      "version": "1.0.4",
      "resolved": "https://registry.npmjs.org/aakash-wa-message-sender/-/aakash-wa-message-sender-1.0.4.tgz",
      "integrity": "sha512-fiuQZ2eupRY87L8uyCcUct9Wfv9ffHJNhsIY2yE5VYty8WhSuVjiFlMcrKwrF+30RLQ2aS2+t1BVR+IowDknzQ=="
    }
  }
}
